
Microsoft Visual Studio Solution File, Format Version 12.00
# Visual Studio Version 17
VisualStudioVersion = 17.14.36518.9
MinimumVisualStudioVersion = 10.0.40219.1
Project("{2150E333-8FDC-42A3-9474-1A3956D46DE8}") = "Task0", "Task0", "{02EA681E-C7D8-13C7-8484-4AC65E1B71E8}"
EndProject
Project("{FAE04EC0-301F-11D3-BF4B-00C04F79EFBC}") = "Tyuiu.NeldnerMK.Sprint4.Task0.V9", "Tyuiu.NeldnerMK.Sprint4.Task0.V9\Tyuiu.NeldnerMK.Sprint4.Task0.V9.csproj", "{6098658F-0170-4FD4-9FA9-BBAB3099EA45}"
EndProject
Project("{FAE04EC0-301F-11D3-BF4B-00C04F79EFBC}") = "Tyuiu.NeldnerMK.Sprint4.Task0.V9.Lib", "Tyuiu.NeldnerMK.Sprint4.Task0.V9.Lib\Tyuiu.NeldnerMK.Sprint4.Task0.V9.Lib.csproj", "{33A69316-D728-409F-834C-6D7C5FC93BE8}"
EndProject
Project("{FAE04EC0-301F-11D3-BF4B-00C04F79EFBC}") = "Tyuiu.NeldnerMK.Sprint4.Task0.V9.Test", "Tyuiu.NeldnerMK.Sprint4.Task0.V9.Test\Tyuiu.NeldnerMK.Sprint4.Task0.V9.Test.csproj", "{158FD55F-B72B-4EBA-AD8C-638805C826CA}"
EndProject
Project("{2150E333-8FDC-42A3-9474-1A3956D46DE8}") = "Task1", "Task1", "{AFFA5DA8-3980-4C17-AD4F-C0209FFBFAA7}"
EndProject
Project("{FAE04EC0-301F-11D3-BF4B-00C04F79EFBC}") = "Tyuiu.NeldnerMK.Sprint4.Task1.V11", "Tyuiu.NeldnerMK.Sprint4.Task1.V11\Tyuiu.NeldnerMK.Sprint4.Task1.V11.csproj", "{775ACAFB-36B1-4774-BE5C-51B32F5CCD47}"
EndProject
Project("{FAE04EC0-301F-11D3-BF4B-00C04F79EFBC}") = "Tyuiu.NeldnerMK.Sprint4.Task1.V11.Lib", "Tyuiu.NeldnerMK.Sprint4.Task1.V11.Lib\Tyuiu.NeldnerMK.Sprint4.Task1.V11.Lib.csproj", "{B95885EE-9076-4AEC-AA2E-0BB79727E5CD}"
EndProject
Project("{FAE04EC0-301F-11D3-BF4B-00C04F79EFBC}") = "Tyuiu.NeldnerMK.Sprint4.Task1.V11.Test", "Tyuiu.NeldnerMK.Sprint4.Task1.V11.Test\Tyuiu.NeldnerMK.Sprint4.Task1.V11.Test.csproj", "{ACEF5A17-E28C-487B-8504-251B1BED130D}"
EndProject
Project("{2150E333-8FDC-42A3-9474-1A3956D46DE8}") = "Task2", "Task2", "{D838F1B3-AA45-4617-8525-EA30574B1CD7}"
EndProject
Project("{FAE04EC0-301F-11D3-BF4B-00C04F79EFBC}") = "Tyuiu.NeldnerMK.Sprint4.Task2.V20", "Tyuiu.NeldnerMK.Sprint4.Task2.V20\Tyuiu.NeldnerMK.Sprint4.Task2.V20.csproj", "{85C3EDD4-AB58-40ED-B06B-C4A3DAB008D6}"
EndProject
Project("{FAE04EC0-301F-11D3-BF4B-00C04F79EFBC}") = "Tyuiu.NeldnerMK.Sprint4.Task2.V20.Lib", "Tyuiu.NeldnerMK.Sprint4.Task2.V20.Lib\Tyuiu.NeldnerMK.Sprint4.Task2.V20.Lib.csproj", "{91BFE3EF-F039-49D2-9314-3B9CF9488F60}"
EndProject
Project("{FAE04EC0-301F-11D3-BF4B-00C04F79EFBC}") = "Tyuiu.NeldnerMK.Sprint4.Task2.V20.Test", "Tyuiu.NeldnerMK.Sprint4.Task2.V20.Test\Tyuiu.NeldnerMK.Sprint4.Task2.V20.Test.csproj", "{9FA70610-C921-4A3E-8C99-4584FCE13DAB}"
EndProject
Project("{2150E333-8FDC-42A3-9474-1A3956D46DE8}") = "Task3", "Task3", "{4AF58066-517D-47F3-96C5-9EDF122918FE}"
EndProject
Project("{FAE04EC0-301F-11D3-BF4B-00C04F79EFBC}") = "Tyuiu.NeldnerMK.Sprint4.Task3.V6", "Tyuiu.NeldnerMK.Sprint4.Task3.V6\Tyuiu.NeldnerMK.Sprint4.Task3.V6.csproj", "{3913E28E-A314-4B3C-A321-931663006D66}"
EndProject
Project("{FAE04EC0-301F-11D3-BF4B-00C04F79EFBC}") = "Tyuiu.NeldnerMK.Sprint4.Task3.V6.Lib", "Tyuiu.NeldnerMK.Sprint4.Task3.V6.Lib\Tyuiu.NeldnerMK.Sprint4.Task3.V6.Lib.csproj", "{B26B490B-ED0D-42B8-8602-C14FB0D61F66}"
EndProject
Project("{FAE04EC0-301F-11D3-BF4B-00C04F79EFBC}") = "Tyuiu.NeldnerMK.Sprint4.Task3.V6.Test", "Tyuiu.NeldnerMK.Sprint4.Task3.V6.Test\Tyuiu.NeldnerMK.Sprint4.Task3.V6.Test.csproj", "{D6710ED3-7A5A-4B94-BD65-6FB1F7CE492C}"
EndProject
Project("{2150E333-8FDC-42A3-9474-1A3956D46DE8}") = "Task4", "Task4", "{FC4040D9-928A-4568-9A2F-AABF7955D19A}"
EndProject
Project("{FAE04EC0-301F-11D3-BF4B-00C04F79EFBC}") = "Tyuiu.NeldnerMK.Sprint4.Task4.V7", "Tyuiu.NeldnerMK.Sprint4.Task4.V7\Tyuiu.NeldnerMK.Sprint4.Task4.V7.csproj", "{4A41E504-BA55-4A25-AE8C-888E9AA57832}"
EndProject
Project("{FAE04EC0-301F-11D3-BF4B-00C04F79EFBC}") = "Tyuiu.NeldnerMK.Sprint4.Task4.V7.Lib", "Tyuiu.NeldnerMK.Sprint4.Task4.V7.Lib\Tyuiu.NeldnerMK.Sprint4.Task4.V7.Lib.csproj", "{DCAC0C19-5780-4DAA-A132-919ECEEEF67D}"
EndProject
Project("{FAE04EC0-301F-11D3-BF4B-00C04F79EFBC}") = "Tyuiu.NeldnerMK.Sprint4.Task4.V7.Test", "Tyuiu.NeldnerMK.Sprint4.Task4.V7.Test\Tyuiu.NeldnerMK.Sprint4.Task4.V7.Test.csproj", "{105614C8-EEBF-48E4-82E8-A6C4697D34DC}"
EndProject
Project("{2150E333-8FDC-42A3-9474-1A3956D46DE8}") = "Task5", "Task5", "{2B6DED8E-D865-4FEC-8B82-9B0116CA08D8}"
EndProject
Project("{FAE04EC0-301F-11D3-BF4B-00C04F79EFBC}") = "Tyuiu.NeldnerMK.Sprint4.Task5.V13", "Tyuiu.NeldnerMK.Sprint4.Task5.V13\Tyuiu.NeldnerMK.Sprint4.Task5.V13.csproj", "{79CA6C24-78C3-4C15-B0FC-A2335593460E}"
EndProject
Project("{FAE04EC0-301F-11D3-BF4B-00C04F79EFBC}") = "Tyuiu.NeldnerMK.Sprint4.Task5.V13.Lib", "Tyuiu.NeldnerMK.Sprint4.Task5.V13.Lib\Tyuiu.NeldnerMK.Sprint4.Task5.V13.Lib.csproj", "{49BCF3CF-F75A-4971-A0DB-87D95F94A3AB}"
EndProject
Project("{FAE04EC0-301F-11D3-BF4B-00C04F79EFBC}") = "Tyuiu.NeldnerMK.Sprint4.Task5.V13.Test", "Tyuiu.NeldnerMK.Sprint4.Task5.V13.Test\Tyuiu.NeldnerMK.Sprint4.Task5.V13.Test.csproj", "{2725CD17-F82E-4D54-B979-F962F65C5268}"
EndProject
Project("{2150E333-8FDC-42A3-9474-1A3956D46DE8}") = "Task6", "Task6", "{1EEB5B12-07A2-4FEF-80B1-90FFF2B1028D}"
EndProject
Project("{FAE04EC0-301F-11D3-BF4B-00C04F79EFBC}") = "Tyuiu.NeldnerMK.Sprint4.Task6.V25", "Tyuiu.NeldnerMK.Sprint4.Task6.V25\Tyuiu.NeldnerMK.Sprint4.Task6.V25.csproj", "{5912F50C-0BA8-48AB-AA8B-37BD6BE754AF}"
EndProject
Project("{FAE04EC0-301F-11D3-BF4B-00C04F79EFBC}") = "Tyuiu.NeldnerMK.Sprint4.Task6.V25.Lib", "Tyuiu.NeldnerMK.Sprint4.Task6.V25.Lib\Tyuiu.NeldnerMK.Sprint4.Task6.V25.Lib.csproj", "{B71F8C17-1E3B-4FB5-8233-EC3349D1B4FB}"
EndProject
Project("{FAE04EC0-301F-11D3-BF4B-00C04F79EFBC}") = "Tyuiu.NeldnerMK.Sprint4.Task6.V25.Test", "Tyuiu.NeldnerMK.Sprint4.Task6.V25.Test\Tyuiu.NeldnerMK.Sprint4.Task6.V25.Test.csproj", "{B81D4F52-83F1-47AD-8DEB-9072EAACEC6A}"
EndProject
Project("{2150E333-8FDC-42A3-9474-1A3956D46DE8}") = "Task7", "Task7", "{2B1656BD-7241-4C8F-ACCB-E6C6394C4317}"
EndProject
Project("{FAE04EC0-301F-11D3-BF4B-00C04F79EFBC}") = "Tyuiu.NeldnerMK.Sprint4.Task7.V17", "Tyuiu.NeldnerMK.Sprint4.Task7.V17\Tyuiu.NeldnerMK.Sprint4.Task7.V17.csproj", "{B1C25C7C-3C2A-472E-AEBC-DC89B696890F}"
EndProject
Project("{FAE04EC0-301F-11D3-BF4B-00C04F79EFBC}") = "Tyuiu.NeldnerMK.Sprint4.Task7.V17.Lib", "Tyuiu.NeldnerMK.Sprint4.Task7.V17.Lib\Tyuiu.NeldnerMK.Sprint4.Task7.V17.Lib.csproj", "{D1E4BED9-2627-41BC-B673-D91084279E9D}"
EndProject
Project("{FAE04EC0-301F-11D3-BF4B-00C04F79EFBC}") = "Tyuiu.NeldnerMK.Sprint4.Task7.V17.Test", "Tyuiu.NeldnerMK.Sprint4.Task7.V17.Test\Tyuiu.NeldnerMK.Sprint4.Task7.V17.Test.csproj", "{E6F1A41B-4956-45ED-A6D5-766CF4CA7BD3}"
EndProject
Global
	GlobalSection(SolutionConfigurationPlatforms) = preSolution
		Debug|Any CPU = Debug|Any CPU
		Release|Any CPU = Release|Any CPU
	EndGlobalSection
	GlobalSection(ProjectConfigurationPlatforms) = postSolution
		{6098658F-0170-4FD4-9FA9-BBAB3099EA45}.Debug|Any CPU.ActiveCfg = Debug|Any CPU
		{6098658F-0170-4FD4-9FA9-BBAB3099EA45}.Debug|Any CPU.Build.0 = Debug|Any CPU
		{6098658F-0170-4FD4-9FA9-BBAB3099EA45}.Release|Any CPU.ActiveCfg = Release|Any CPU
		{6098658F-0170-4FD4-9FA9-BBAB3099EA45}.Release|Any CPU.Build.0 = Release|Any CPU
		{33A69316-D728-409F-834C-6D7C5FC93BE8}.Debug|Any CPU.ActiveCfg = Debug|Any CPU
		{33A69316-D728-409F-834C-6D7C5FC93BE8}.Debug|Any CPU.Build.0 = Debug|Any CPU
		{33A69316-D728-409F-834C-6D7C5FC93BE8}.Release|Any CPU.ActiveCfg = Release|Any CPU
		{33A69316-D728-409F-834C-6D7C5FC93BE8}.Release|Any CPU.Build.0 = Release|Any CPU
		{158FD55F-B72B-4EBA-AD8C-638805C826CA}.Debug|Any CPU.ActiveCfg = Debug|Any CPU
		{158FD55F-B72B-4EBA-AD8C-638805C826CA}.Debug|Any CPU.Build.0 = Debug|Any CPU
		{158FD55F-B72B-4EBA-AD8C-638805C826CA}.Release|Any CPU.ActiveCfg = Release|Any CPU
		{158FD55F-B72B-4EBA-AD8C-638805C826CA}.Release|Any CPU.Build.0 = Release|Any CPU
		{775ACAFB-36B1-4774-BE5C-51B32F5CCD47}.Debug|Any CPU.ActiveCfg = Debug|Any CPU
		{775ACAFB-36B1-4774-BE5C-51B32F5CCD47}.Debug|Any CPU.Build.0 = Debug|Any CPU
		{775ACAFB-36B1-4774-BE5C-51B32F5CCD47}.Release|Any CPU.ActiveCfg = Release|Any CPU
		{775ACAFB-36B1-4774-BE5C-51B32F5CCD47}.Release|Any CPU.Build.0 = Release|Any CPU
		{B95885EE-9076-4AEC-AA2E-0BB79727E5CD}.Debug|Any CPU.ActiveCfg = Debug|Any CPU
		{B95885EE-9076-4AEC-AA2E-0BB79727E5CD}.Debug|Any CPU.Build.0 = Debug|Any CPU
		{B95885EE-9076-4AEC-AA2E-0BB79727E5CD}.Release|Any CPU.ActiveCfg = Release|Any CPU
		{B95885EE-9076-4AEC-AA2E-0BB79727E5CD}.Release|Any CPU.Build.0 = Release|Any CPU
		{ACEF5A17-E28C-487B-8504-251B1BED130D}.Debug|Any CPU.ActiveCfg = Debug|Any CPU
		{ACEF5A17-E28C-487B-8504-251B1BED130D}.Debug|Any CPU.Build.0 = Debug|Any CPU
		{ACEF5A17-E28C-487B-8504-251B1BED130D}.Release|Any CPU.ActiveCfg = Release|Any CPU
		{ACEF5A17-E28C-487B-8504-251B1BED130D}.Release|Any CPU.Build.0 = Release|Any CPU
		{85C3EDD4-AB58-40ED-B06B-C4A3DAB008D6}.Debug|Any CPU.ActiveCfg = Debug|Any CPU
		{85C3EDD4-AB58-40ED-B06B-C4A3DAB008D6}.Debug|Any CPU.Build.0 = Debug|Any CPU
		{85C3EDD4-AB58-40ED-B06B-C4A3DAB008D6}.Release|Any CPU.ActiveCfg = Release|Any CPU
		{85C3EDD4-AB58-40ED-B06B-C4A3DAB008D6}.Release|Any CPU.Build.0 = Release|Any CPU
		{91BFE3EF-F039-49D2-9314-3B9CF9488F60}.Debug|Any CPU.ActiveCfg = Debug|Any CPU
		{91BFE3EF-F039-49D2-9314-3B9CF9488F60}.Debug|Any CPU.Build.0 = Debug|Any CPU
		{91BFE3EF-F039-49D2-9314-3B9CF9488F60}.Release|Any CPU.ActiveCfg = Release|Any CPU
		{91BFE3EF-F039-49D2-9314-3B9CF9488F60}.Release|Any CPU.Build.0 = Release|Any CPU
		{9FA70610-C921-4A3E-8C99-4584FCE13DAB}.Debug|Any CPU.ActiveCfg = Debug|Any CPU
		{9FA70610-C921-4A3E-8C99-4584FCE13DAB}.Debug|Any CPU.Build.0 = Debug|Any CPU
		{9FA70610-C921-4A3E-8C99-4584FCE13DAB}.Release|Any CPU.ActiveCfg = Release|Any CPU
		{9FA70610-C921-4A3E-8C99-4584FCE13DAB}.Release|Any CPU.Build.0 = Release|Any CPU
		{3913E28E-A314-4B3C-A321-931663006D66}.Debug|Any CPU.ActiveCfg = Debug|Any CPU
		{3913E28E-A314-4B3C-A321-931663006D66}.Debug|Any CPU.Build.0 = Debug|Any CPU
		{3913E28E-A314-4B3C-A321-931663006D66}.Release|Any CPU.ActiveCfg = Release|Any CPU
		{3913E28E-A314-4B3C-A321-931663006D66}.Release|Any CPU.Build.0 = Release|Any CPU
		{B26B490B-ED0D-42B8-8602-C14FB0D61F66}.Debug|Any CPU.ActiveCfg = Debug|Any CPU
		{B26B490B-ED0D-42B8-8602-C14FB0D61F66}.Debug|Any CPU.Build.0 = Debug|Any CPU
		{B26B490B-ED0D-42B8-8602-C14FB0D61F66}.Release|Any CPU.ActiveCfg = Release|Any CPU
		{B26B490B-ED0D-42B8-8602-C14FB0D61F66}.Release|Any CPU.Build.0 = Release|Any CPU
		{D6710ED3-7A5A-4B94-BD65-6FB1F7CE492C}.Debug|Any CPU.ActiveCfg = Debug|Any CPU
		{D6710ED3-7A5A-4B94-BD65-6FB1F7CE492C}.Debug|Any CPU.Build.0 = Debug|Any CPU
		{D6710ED3-7A5A-4B94-BD65-6FB1F7CE492C}.Release|Any CPU.ActiveCfg = Release|Any CPU
		{D6710ED3-7A5A-4B94-BD65-6FB1F7CE492C}.Release|Any CPU.Build.0 = Release|Any CPU
		{4A41E504-BA55-4A25-AE8C-888E9AA57832}.Debug|Any CPU.ActiveCfg = Debug|Any CPU
		{4A41E504-BA55-4A25-AE8C-888E9AA57832}.Debug|Any CPU.Build.0 = Debug|Any CPU
		{4A41E504-BA55-4A25-AE8C-888E9AA57832}.Release|Any CPU.ActiveCfg = Release|Any CPU
		{4A41E504-BA55-4A25-AE8C-888E9AA57832}.Release|Any CPU.Build.0 = Release|Any CPU
		{DCAC0C19-5780-4DAA-A132-919ECEEEF67D}.Debug|Any CPU.ActiveCfg = Debug|Any CPU
		{DCAC0C19-5780-4DAA-A132-919ECEEEF67D}.Debug|Any CPU.Build.0 = Debug|Any CPU
		{DCAC0C19-5780-4DAA-A132-919ECEEEF67D}.Release|Any CPU.ActiveCfg = Release|Any CPU
		{DCAC0C19-5780-4DAA-A132-919ECEEEF67D}.Release|Any CPU.Build.0 = Release|Any CPU
		{105614C8-EEBF-48E4-82E8-A6C4697D34DC}.Debug|Any CPU.ActiveCfg = Debug|Any CPU
		{105614C8-EEBF-48E4-82E8-A6C4697D34DC}.Debug|Any CPU.Build.0 = Debug|Any CPU
		{105614C8-EEBF-48E4-82E8-A6C4697D34DC}.Release|Any CPU.ActiveCfg = Release|Any CPU
		{105614C8-EEBF-48E4-82E8-A6C4697D34DC}.Release|Any CPU.Build.0 = Release|Any CPU
		{79CA6C24-78C3-4C15-B0FC-A2335593460E}.Debug|Any CPU.ActiveCfg = Debug|Any CPU
		{79CA6C24-78C3-4C15-B0FC-A2335593460E}.Debug|Any CPU.Build.0 = Debug|Any CPU
		{79CA6C24-78C3-4C15-B0FC-A2335593460E}.Release|Any CPU.ActiveCfg = Release|Any CPU
		{79CA6C24-78C3-4C15-B0FC-A2335593460E}.Release|Any CPU.Build.0 = Release|Any CPU
		{49BCF3CF-F75A-4971-A0DB-87D95F94A3AB}.Debug|Any CPU.ActiveCfg = Debug|Any CPU
		{49BCF3CF-F75A-4971-A0DB-87D95F94A3AB}.Debug|Any CPU.Build.0 = Debug|Any CPU
		{49BCF3CF-F75A-4971-A0DB-87D95F94A3AB}.Release|Any CPU.ActiveCfg = Release|Any CPU
		{49BCF3CF-F75A-4971-A0DB-87D95F94A3AB}.Release|Any CPU.Build.0 = Release|Any CPU
		{2725CD17-F82E-4D54-B979-F962F65C5268}.Debug|Any CPU.ActiveCfg = Debug|Any CPU
		{2725CD17-F82E-4D54-B979-F962F65C5268}.Debug|Any CPU.Build.0 = Debug|Any CPU
		{2725CD17-F82E-4D54-B979-F962F65C5268}.Release|Any CPU.ActiveCfg = Release|Any CPU
		{2725CD17-F82E-4D54-B979-F962F65C5268}.Release|Any CPU.Build.0 = Release|Any CPU
		{5912F50C-0BA8-48AB-AA8B-37BD6BE754AF}.Debug|Any CPU.ActiveCfg = Debug|Any CPU
		{5912F50C-0BA8-48AB-AA8B-37BD6BE754AF}.Debug|Any CPU.Build.0 = Debug|Any CPU
		{5912F50C-0BA8-48AB-AA8B-37BD6BE754AF}.Release|Any CPU.ActiveCfg = Release|Any CPU
		{5912F50C-0BA8-48AB-AA8B-37BD6BE754AF}.Release|Any CPU.Build.0 = Release|Any CPU
		{B71F8C17-1E3B-4FB5-8233-EC3349D1B4FB}.Debug|Any CPU.ActiveCfg = Debug|Any CPU
		{B71F8C17-1E3B-4FB5-8233-EC3349D1B4FB}.Debug|Any CPU.Build.0 = Debug|Any CPU
		{B71F8C17-1E3B-4FB5-8233-EC3349D1B4FB}.Release|Any CPU.ActiveCfg = Release|Any CPU
		{B71F8C17-1E3B-4FB5-8233-EC3349D1B4FB}.Release|Any CPU.Build.0 = Release|Any CPU
		{B81D4F52-83F1-47AD-8DEB-9072EAACEC6A}.Debug|Any CPU.ActiveCfg = Debug|Any CPU
		{B81D4F52-83F1-47AD-8DEB-9072EAACEC6A}.Debug|Any CPU.Build.0 = Debug|Any CPU
		{B81D4F52-83F1-47AD-8DEB-9072EAACEC6A}.Release|Any CPU.ActiveCfg = Release|Any CPU
		{B81D4F52-83F1-47AD-8DEB-9072EAACEC6A}.Release|Any CPU.Build.0 = Release|Any CPU
		{B1C25C7C-3C2A-472E-AEBC-DC89B696890F}.Debug|Any CPU.ActiveCfg = Debug|Any CPU
		{B1C25C7C-3C2A-472E-AEBC-DC89B696890F}.Debug|Any CPU.Build.0 = Debug|Any CPU
		{B1C25C7C-3C2A-472E-AEBC-DC89B696890F}.Release|Any CPU.ActiveCfg = Release|Any CPU
		{B1C25C7C-3C2A-472E-AEBC-DC89B696890F}.Release|Any CPU.Build.0 = Release|Any CPU
		{D1E4BED9-2627-41BC-B673-D91084279E9D}.Debug|Any CPU.ActiveCfg = Debug|Any CPU
		{D1E4BED9-2627-41BC-B673-D91084279E9D}.Debug|Any CPU.Build.0 = Debug|Any CPU
		{D1E4BED9-2627-41BC-B673-D91084279E9D}.Release|Any CPU.ActiveCfg = Release|Any CPU
		{D1E4BED9-2627-41BC-B673-D91084279E9D}.Release|Any CPU.Build.0 = Release|Any CPU
		{E6F1A41B-4956-45ED-A6D5-766CF4CA7BD3}.Debug|Any CPU.ActiveCfg = Debug|Any CPU
		{E6F1A41B-4956-45ED-A6D5-766CF4CA7BD3}.Debug|Any CPU.Build.0 = Debug|Any CPU
		{E6F1A41B-4956-45ED-A6D5-766CF4CA7BD3}.Release|Any CPU.ActiveCfg = Release|Any CPU
		{E6F1A41B-4956-45ED-A6D5-766CF4CA7BD3}.Release|Any CPU.Build.0 = Release|Any CPU
	EndGlobalSection
	GlobalSection(SolutionProperties) = preSolution
		HideSolutionNode = FALSE
	EndGlobalSection
	GlobalSection(NestedProjects) = preSolution
		{6098658F-0170-4FD4-9FA9-BBAB3099EA45} = {02EA681E-C7D8-13C7-8484-4AC65E1B71E8}
		{33A69316-D728-409F-834C-6D7C5FC93BE8} = {02EA681E-C7D8-13C7-8484-4AC65E1B71E8}
		{158FD55F-B72B-4EBA-AD8C-638805C826CA} = {02EA681E-C7D8-13C7-8484-4AC65E1B71E8}
		{775ACAFB-36B1-4774-BE5C-51B32F5CCD47} = {AFFA5DA8-3980-4C17-AD4F-C0209FFBFAA7}
		{B95885EE-9076-4AEC-AA2E-0BB79727E5CD} = {AFFA5DA8-3980-4C17-AD4F-C0209FFBFAA7}
		{ACEF5A17-E28C-487B-8504-251B1BED130D} = {AFFA5DA8-3980-4C17-AD4F-C0209FFBFAA7}
		{85C3EDD4-AB58-40ED-B06B-C4A3DAB008D6} = {D838F1B3-AA45-4617-8525-EA30574B1CD7}
		{91BFE3EF-F039-49D2-9314-3B9CF9488F60} = {D838F1B3-AA45-4617-8525-EA30574B1CD7}
		{9FA70610-C921-4A3E-8C99-4584FCE13DAB} = {D838F1B3-AA45-4617-8525-EA30574B1CD7}
		{3913E28E-A314-4B3C-A321-931663006D66} = {4AF58066-517D-47F3-96C5-9EDF122918FE}
		{B26B490B-ED0D-42B8-8602-C14FB0D61F66} = {4AF58066-517D-47F3-96C5-9EDF122918FE}
		{D6710ED3-7A5A-4B94-BD65-6FB1F7CE492C} = {4AF58066-517D-47F3-96C5-9EDF122918FE}
		{4A41E504-BA55-4A25-AE8C-888E9AA57832} = {FC4040D9-928A-4568-9A2F-AABF7955D19A}
		{DCAC0C19-5780-4DAA-A132-919ECEEEF67D} = {FC4040D9-928A-4568-9A2F-AABF7955D19A}
		{105614C8-EEBF-48E4-82E8-A6C4697D34DC} = {FC4040D9-928A-4568-9A2F-AABF7955D19A}
		{79CA6C24-78C3-4C15-B0FC-A2335593460E} = {2B6DED8E-D865-4FEC-8B82-9B0116CA08D8}
		{49BCF3CF-F75A-4971-A0DB-87D95F94A3AB} = {2B6DED8E-D865-4FEC-8B82-9B0116CA08D8}
		{2725CD17-F82E-4D54-B979-F962F65C5268} = {2B6DED8E-D865-4FEC-8B82-9B0116CA08D8}
		{5912F50C-0BA8-48AB-AA8B-37BD6BE754AF} = {1EEB5B12-07A2-4FEF-80B1-90FFF2B1028D}
		{B71F8C17-1E3B-4FB5-8233-EC3349D1B4FB} = {1EEB5B12-07A2-4FEF-80B1-90FFF2B1028D}
		{B81D4F52-83F1-47AD-8DEB-9072EAACEC6A} = {1EEB5B12-07A2-4FEF-80B1-90FFF2B1028D}
		{B1C25C7C-3C2A-472E-AEBC-DC89B696890F} = {2B1656BD-7241-4C8F-ACCB-E6C6394C4317}
		{D1E4BED9-2627-41BC-B673-D91084279E9D} = {2B1656BD-7241-4C8F-ACCB-E6C6394C4317}
		{E6F1A41B-4956-45ED-A6D5-766CF4CA7BD3} = {2B1656BD-7241-4C8F-ACCB-E6C6394C4317}
	EndGlobalSection
	GlobalSection(ExtensibilityGlobals) = postSolution
		SolutionGuid = {4403873B-1FAE-4FC8-B303-8F16012F508A}
	EndGlobalSection
EndGlobal
